// !$*UTF8*$!
{
	archiveVersion = 1;
	classes = {
	};
	objectVersion = 50;
	objects = {

/* Begin PBXBuildFile section */
		9A938CDF246B420800BFC022 /* AppDelegate.swift in Sources */ = {isa = PBXBuildFile; fileRef = 9A938CDE246B420800BFC022 /* AppDelegate.swift */; };
		9A938CE1246B420800BFC022 /* SceneDelegate.swift in Sources */ = {isa = PBXBuildFile; fileRef = 9A938CE0246B420800BFC022 /* SceneDelegate.swift */; };
		9A938CE3246B420800BFC022 /* ViewController.swift in Sources */ = {isa = PBXBuildFile; fileRef = 9A938CE2246B420800BFC022 /* ViewController.swift */; };
		9A938CE6246B420800BFC022 /* Main.storyboard in Resources */ = {isa = PBXBuildFile; fileRef = 9A938CE4246B420800BFC022 /* Main.storyboard */; };
		9A938CE8246B420E00BFC022 /* Assets.xcassets in Resources */ = {isa = PBXBuildFile; fileRef = 9A938CE7246B420E00BFC022 /* Assets.xcassets */; };
		9A938CEB246B420E00BFC022 /* LaunchScreen.storyboard in Resources */ = {isa = PBXBuildFile; fileRef = 9A938CE9246B420E00BFC022 /* LaunchScreen.storyboard */; };
		9A938CF4246B423600BFC022 /* User.swift in Sources */ = {isa = PBXBuildFile; fileRef = 9A938CF3246B423600BFC022 /* User.swift */; };
		9A938CF6246B427800BFC022 /* Users.swift in Sources */ = {isa = PBXBuildFile; fileRef = 9A938CF5246B427800BFC022 /* Users.swift */; };
		9A938CF8246B443F00BFC022 /* UsersTableViewDataSource.swift in Sources */ = {isa = PBXBuildFile; fileRef = 9A938CF7246B443F00BFC022 /* UsersTableViewDataSource.swift */; };
		9A938CFA246B45D100BFC022 /* UsersTableViewDelegate.swift in Sources */ = {isa = PBXBuildFile; fileRef = 9A938CF9246B45D100BFC022 /* UsersTableViewDelegate.swift */; };
/* End PBXBuildFile section */

/* Begin PBXFileReference section */
		9A938CDB246B420800BFC022 /* Structure.app */ = {isa = PBXFileReference; explicitFileType = wrapper.application; includeInIndex = 0; path = Structure.app; sourceTree = BUILT_PRODUCTS_DIR; };
		9A938CDE246B420800BFC022 /* AppDelegate.swift */ = {isa = PBXFileReference; lastKnownFileType = sourcecode.swift; path = AppDelegate.swift; sourceTree = "<group>"; };
		9A938CE0246B420800BFC022 /* SceneDelegate.swift */ = {isa = PBXFileReference; lastKnownFileType = sourcecode.swift; path = SceneDelegate.swift; sourceTree = "<group>"; };
		9A938CE2246B420800BFC022 /* ViewController.swift */ = {isa = PBXFileReference; lastKnownFileType = sourcecode.swift; path = ViewController.swift; sourceTree = "<group>"; };
		9A938CE5246B420800BFC022 /* Base */ = {isa = PBXFileReference; lastKnownFileType = file.storyboard; name = Base; path = Base.lproj/Main.storyboard; sourceTree = "<group>"; };
		9A938CE7246B420E00BFC022 /* Assets.xcassets */ = {isa = PBXFileReference; lastKnownFileType = folder.assetcatalog; path = Assets.xcassets; sourceTree = "<group>"; };
		9A938CEA246B420E00BFC022 /* Base */ = {isa = PBXFileReference; lastKnownFileType = file.storyboard; name = Base; path = Base.lproj/LaunchScreen.storyboard; sourceTree = "<group>"; };
		9A938CEC246B420E00BFC022 /* Info.plist */ = {isa = PBXFileReference; lastKnownFileType = text.plist.xml; path = Info.plist; sourceTree = "<group>"; };
		9A938CF3246B423600BFC022 /* User.swift */ = {isa = PBXFileReference; lastKnownFileType = sourcecode.swift; path = User.swift; sourceTree = "<group>"; };
		9A938CF5246B427800BFC022 /* Users.swift */ = {isa = PBXFileReference; lastKnownFileType = sourcecode.swift; path = Users.swift; sourceTree = "<group>"; };
		9A938CF7246B443F00BFC022 /* UsersTableViewDataSource.swift */ = {isa = PBXFileReference; lastKnownFileType = sourcecode.swift; path = UsersTableViewDataSource.swift; sourceTree = "<group>"; };
		9A938CF9246B45D100BFC022 /* UsersTableViewDelegate.swift */ = {isa = PBXFileReference; lastKnownFileType = sourcecode.swift; path = UsersTableViewDelegate.swift; sourceTree = "<group>"; };
/* End PBXFileReference section */

/* Begin PBXFrameworksBuildPhase section */
		9A938CD8246B420800BFC022 /* Frameworks */ = {
			isa = PBXFrameworksBuildPhase;
			buildActionMask = 2147483647;
			files = (
			);
			runOnlyForDeploymentPostprocessing = 0;
		};
/* End PBXFrameworksBuildPhase section */

/* Begin PBXGroup section */
		9A938CD2246B420800BFC022 = {
			isa = PBXGroup;
			children = (
				9A938CDD246B420800BFC022 /* Structure */,
				9A938CDC246B420800BFC022 /* Products */,
			);
			sourceTree = "<group>";
		};
		9A938CDC246B420800BFC022 /* Products */ = {
			isa = PBXGroup;
			children = (
				9A938CDB246B420800BFC022 /* Structure.app */,
			);
			name = Products;
			sourceTree = "<group>";
		};
		9A938CDD246B420800BFC022 /* Structure */ = {
			isa = PBXGroup;
			children = (
				9A938CDE246B420800BFC022 /* AppDelegate.swift */,
				9A938CE0246B420800BFC022 /* SceneDelegate.swift */,
				9A938CE2246B420800BFC022 /* ViewController.swift */,
				9A938CF7246B443F00BFC022 /* UsersTableViewDataSource.swift */,
				9A938CF9246B45D100BFC022 /* UsersTableViewDelegate.swift */,
				9A938CF2246B422900BFC022 /* Models */,
				9A938CE4246B420800BFC022 /* Main.storyboard */,
				9A938CE7246B420E00BFC022 /* Assets.xcassets */,
				9A938CE9246B420E00BFC022 /* LaunchScreen.storyboard */,
				9A938CEC246B420E00BFC022 /* Info.plist */,
			);
			path = Structure;
			sourceTree = "<group>";
		};
		9A938CF2246B422900BFC022 /* Models */ = {
			isa = PBXGroup;
			children = (
				9A938CF3246B423600BFC022 /* User.swift */,
				9A938CF5246B427800BFC022 /* Users.swift */,
			);
			path = Models;
			sourceTree = "<group>";
		};
/* End PBXGroup section */

/* Begin PBXNativeTarget section */
		9A938CDA246B420800BFC022 /* Structure */ = {
			isa = PBXNativeTarget;
			buildConfigurationList = 9A938CEF246B420E00BFC022 /* Build configuration list for PBXNativeTarget "Structure" */;
			buildPhases = (
				9A938CD7246B420800BFC022 /* Sources */,
				9A938CD8246B420800BFC022 /* Frameworks */,
				9A938CD9246B420800BFC022 /* Resources */,
			);
			buildRules = (
			);
			dependencies = (
			);
			name = Structure;
			productName = Structure;
			productReference = 9A938CDB246B420800BFC022 /* Structure.app */;
			productType = "com.apple.product-type.application";
		};
/* End PBXNativeTarget section */

/* Begin PBXProject section */
		9A938CD3246B420800BFC022 /* Project object */ = {
			isa = PBXProject;
			attributes = {
				LastSwiftUpdateCheck = 1140;
				LastUpgradeCheck = 1140;
				ORGANIZATIONNAME = "Ian McDonald";
				TargetAttributes = {
					9A938CDA246B420800BFC022 = {
						CreatedOnToolsVersion = 11.4.1;
					};
				};
			};
			buildConfigurationList = 9A938CD6246B420800BFC022 /* Build configuration list for PBXProject "Structure" */;
			compatibilityVersion = "Xcode 9.3";
			developmentRegion = en;
			hasScannedForEncodings = 0;
			knownRegions = (
				en,
				Base,
			);
			mainGroup = 9A938CD2246B420800BFC022;
			productRefGroup = 9A938CDC246B420800BFC022 /* Products */;
			projectDirPath = "";
			projectRoot = "";
			targets = (
				9A938CDA246B420800BFC022 /* Structure */,
			);
		};
/* End PBXProject section */

/* Begin PBXResourcesBuildPhase section */
		9A938CD9246B420800BFC022 /* Resources */ = {
			isa = PBXResourcesBuildPhase;
			buildActionMask = 2147483647;
			files = (
				9A938CEB246B420E00BFC022 /* LaunchScreen.storyboard in Resources */,
				9A938CE8246B420E00BFC022 /* Assets.xcassets in Resources */,
				9A938CE6246B420800BFC022 /* Main.storyboard in Resources */,
			);
			runOnlyForDeploymentPostprocessing = 0;
		};
/* End PBXResourcesBuildPhase section */

/* Begin PBXSourcesBuildPhase section */
		9A938CD7246B420800BFC022 /* Sources */ = {
			isa = PBXSourcesBuildPhase;
			buildActionMask = 2147483647;
			files = (
				9A938CF4246B423600BFC022 /* User.swift in Sources */,
				9A938CE3246B420800BFC022 /* ViewController.swift in Sources */,
				9A938CF6246B427800BFC022 /* Users.swift in Sources */,
				9A938CF8246B443F00BFC022 /* UsersTableViewDataSource.swift in Sources */,
				9A938CDF246B420800BFC022 /* AppDelegate.swift in Sources */,
				9A938CFA246B45D100BFC022 /* UsersTableViewDelegate.swift in Sources */,
				9A938CE1246B420800BFC022 /* SceneDelegate.swift in Sources */,
			);
			runOnlyForDeploymentPostprocessing = 0;
		};
/* End PBXSourcesBuildPhase section */

/* Begin PBXVariantGroup section */
		9A938CE4246B420800BFC022 /* Main.storyboard */ = {
			isa = PBXVariantGroup;
			children = (
				9A938CE5246B420800BFC022 /* Base */,
			);
			name = Main.storyboard;
			sourceTree = "<group>";
		};
		9A938CE9246B420E00BFC022 /* LaunchScreen.storyboard */ = {
			isa = PBXVariantGroup;
			children = (
				9A938CEA246B420E00BFC022 /* Base */,
			);
			name = LaunchScreen.storyboard;
			sourceTree = "<group>";
		};
/* End PBXVariantGroup section */

/* Begin XCBuildConfiguration section */
		9A938CED246B420E00BFC022 /* Debug */ = {
			isa = XCBuildConfiguration;
			buildSettings = {
				ALWAYS_SEARCH_USER_PATHS = NO;
				CLANG_ANALYZER_NONNULL = YES;
				CLANG_ANALYZER_NUMBER_OBJECT_CONVERSION = YES_AGGRESSIVE;
				CLANG_CXX_LANGUAGE_STANDARD = "gnu++14";
				CLANG_CXX_LIBRARY = "libc++";
				CLANG_ENABLE_MODULES = YES;
				CLANG_ENABLE_OBJC_ARC = YES;
				CLANG_ENABLE_OBJC_WEAK = YES;
				CLANG_WARN_BLOCK_CAPTURE_AUTORELEASING = YES;
				CLANG_WARN_BOOL_CONVERSION = YES;
				CLANG_WARN_COMMA = YES;
				CLANG_WARN_CONSTANT_CONVERSION = YES;
				CLANG_WARN_DEPRECATED_OBJC_IMPLEMENTATIONS = YES;
				CLANG_WARN_DIRECT_OBJC_ISA_USAGE = YES_ERROR;
				CLANG_WARN_DOCUMENTATION_COMMENTS = YES;
				CLANG_WARN_EMPTY_BODY = YES;
				CLANG_WARN_ENUM_CONVERSION = YES;
				CLANG_WARN_INFINITE_RECURSION = YES;
				CLANG_WARN_INT_CONVERSION = YES;
				CLANG_WARN_NON_LITERAL_NULL_CONVERSION = YES;
				CLANG_WARN_OBJC_IMPLICIT_RETAIN_SELF = YES;
				CLANG_WARN_OBJC_LITERAL_CONVERSION = YES;
				CLANG_WARN_OBJC_ROOT_CLASS = YES_ERROR;
				CLANG_WARN_RANGE_LOOP_ANALYSIS = YES;
				CLANG_WARN_STRICT_PROTOTYPES = YES;
				CLANG_WARN_SUSPICIOUS_MOVE = YES;
				CLANG_WARN_UNGUARDED_AVAILABILITY = YES_AGGRESSIVE;
				CLANG_WARN_UNREACHABLE_CODE = YES;
				CLANG_WARN__DUPLICATE_METHOD_MATCH = YES;
				COPY_PHASE_STRIP = NO;
				DEBUG_INFORMATION_FORMAT = dwarf;
				ENABLE_STRICT_OBJC_MSGSEND = YES;
				ENABLE_TESTABILITY = YES;
				GCC_C_LANGUAGE_STANDARD = gnu11;
				GCC_DYNAMIC_NO_PIC = NO;
				GCC_NO_COMMON_BLOCKS = YES;
				GCC_OPTIMIZATION_LEVEL = 0;
				GCC_PREPROCESSOR_DEFINITIONS = (
					"DEBUG=1",
					"$(inherited)",
				);
				GCC_WARN_64_TO_32_BIT_CONVERSION = YES;
				GCC_WARN_ABOUT_RETURN_TYPE = YES_ERROR;
				GCC_WARN_UNDECLARED_SELECTOR = YES;
				GCC_WARN_UNINITIALIZED_AUTOS = YES_AGGRESSIVE;
				GCC_WARN_UNUSED_FUNCTION = YES;
				GCC_WARN_UNUSED_VARIABLE = YES;
				IPHONEOS_DEPLOYMENT_TARGET = 13.4;
				MTL_ENABLE_DEBUG_INFO = INCLUDE_SOURCE;
				MTL_FAST_MATH = YES;
				ONLY_ACTIVE_ARCH = YES;
				SDKROOT = iphoneos;
				SWIFT_ACTIVE_COMPILATION_CONDITIONS = DEBUG;
				SWIFT_OPTIMIZATION_LEVEL = "-Onone";
			};
			name = Debug;
		};
		9A938CEE246B420E00BFC022 /* Release */ = {
			isa = XCBuildConfiguration;
			buildSettings = {
				ALWAYS_SEARCH_USER_PATHS = NO;
				CLANG_ANALYZER_NONNULL = YES;
				CLANG_ANALYZER_NUMBER_OBJECT_CONVERSION = YES_AGGRESSIVE;
				CLANG_CXX_LANGUAGE_STANDARD = "gnu++14";
				CLANG_CXX_LIBRARY = "libc++";
				CLANG_ENABLE_MODULES = YES;
				CLANG_ENABLE_OBJC_ARC = YES;
				CLANG_ENABLE_OBJC_WEAK = YES;
				CLANG_WARN_BLOCK_CAPTURE_AUTORELEASING = YES;
				CLANG_WARN_BOOL_CONVERSION = YES;
				CLANG_WARN_COMMA = YES;
				CLANG_WARN_CONSTANT_CONVERSION = YES;
				CLANG_WARN_DEPRECATED_OBJC_IMPLEMENTATIONS = YES;
				CLANG_WARN_DIRECT_OBJC_ISA_USAGE = YES_ERROR;
				CLANG_WARN_DOCUMENTATION_COMMENTS = YES;
				CLANG_WARN_EMPTY_BODY = YES;
				CLANG_WARN_ENUM_CONVERSION = YES;
				CLANG_WARN_INFINITE_RECURSION = YES;
				CLANG_WARN_INT_CONVERSION = YES;
				CLANG_WARN_NON_LITERAL_NULL_CONVERSION = YES;
				CLANG_WARN_OBJC_IMPLICIT_RETAIN_SELF = YES;
				CLANG_WARN_OBJC_LITERAL_CONVERSION = YES;
				CLANG_WARN_OBJC_ROOT_CLASS = YES_ERROR;
				CLANG_WARN_RANGE_LOOP_ANALYSIS = YES;
				CLANG_WARN_STRICT_PROTOTYPES = YES;
				CLANG_WARN_SUSPICIOUS_MOVE = YES;
				CLANG_WARN_UNGUARDED_AVAILABILITY = YES_AGGRESSIVE;
				CLANG_WARN_UNREACHABLE_CODE = YES;
				CLANG_WARN__DUPLICATE_METHOD_MATCH = YES;
				COPY_PHASE_STRIP = NO;
				DEBUG_INFORMATION_FORMAT = "dwarf-with-dsym";
				ENABLE_NS_ASSERTIONS = NO;
				ENABLE_STRICT_OBJC_MSGSEND = YES;
				GCC_C_LANGUAGE_STANDARD = gnu11;
				GCC_NO_COMMON_BLOCKS = YES;
				GCC_WARN_64_TO_32_BIT_CONVERSION = YES;
				GCC_WARN_ABOUT_RETURN_TYPE = YES_ERROR;
				GCC_WARN_UNDECLARED_SELECTOR = YES;
				GCC_WARN_UNINITIALIZED_AUTOS = YES_AGGRESSIVE;
				GCC_WARN_UNUSED_FUNCTION = YES;
				GCC_WARN_UNUSED_VARIABLE = YES;
				IPHONEOS_DEPLOYMENT_TARGET = 13.4;
				MTL_ENABLE_DEBUG_INFO = NO;
				MTL_FAST_MATH = YES;
				SDKROOT = iphoneos;
				SWIFT_COMPILATION_MODE = wholemodule;
				SWIFT_OPTIMIZATION_LEVEL = "-O";
				VALIDATE_PRODUCT = YES;
			};
			name = Release;
		};
		9A938CF0246B420E00BFC022 /* Debug */ = {
			isa = XCBuildConfiguration;
			buildSettings = {
				ASSETCATALOG_COMPILER_APPICON_NAME = AppIcon;
				CODE_SIGN_STYLE = Automatic;
				DEVELOPMENT_TEAM = K54LCAPFUW;
				INFOPLIST_FILE = Structure/Info.plist;
				LD_RUNPATH_SEARCH_PATHS = (
					"$(inherited)",
					"@executable_path/Frameworks",
				);
				PRODUCT_BUNDLE_IDENTIFIER = me.ianmcdonald.Structure;
				PRODUCT_NAME = "$(TARGET_NAME)";
				SWIFT_VERSION = 5.0;
				TARGETED_DEVICE_FAMILY = "1,2";
			};
			name = Debug;
		};
		9A938CF1246B420E00BFC022 /* Release */ = {
			isa = XCBuildConfiguration;
			buildSettings = {
				ASSETCATALOG_COMPILER_APPICON_NAME = AppIcon;
				CODE_SIGN_STYLE = Automatic;
				DEVELOPMENT_TEAM = K54LCAPFUW;
				INFOPLIST_FILE = Structure/Info.plist;
				LD_RUNPATH_SEARCH_PATHS = (
					"$(inherited)",
					"@executable_path/Frameworks",
				);
				PRODUCT_BUNDLE_IDENTIFIER = me.ianmcdonald.Structure;
				PRODUCT_NAME = "$(TARGET_NAME)";
				SWIFT_VERSION = 5.0;
				TARGETED_DEVICE_FAMILY = "1,2";
			};
			name = Release;
		};
/* End XCBuildConfiguration section */

/* Begin XCConfigurationList section */
		9A938CD6246B420800BFC022 /* Build configuration list for PBXProject "Structure" */ = {
			isa = XCConfigurationList;
			buildConfigurations = (
				9A938CED246B420E00BFC022 /* Debug */,
				9A938CEE246B420E00BFC022 /* Release */,
			);
			defaultConfigurationIsVisible = 0;
			defaultConfigurationName = Release;
		};
		9A938CEF246B420E00BFC022 /* Build configuration list for PBXNativeTarget "Structure" */ = {
			isa = XCConfigurationList;
			buildConfigurations = (
				9A938CF0246B420E00BFC022 /* Debug */,
				9A938CF1246B420E00BFC022 /* Release */,
			);
			defaultConfigurationIsVisible = 0;
			defaultConfigurationName = Release;
		};
/* End XCConfigurationList section */
	};
	rootObject = 9A938CD3246B420800BFC022 /* Project object */;
}
